
Microsoft Visual Studio Solution File, Format Version 12.00
# Visual Studio Version 17
VisualStudioVersion = 17.14.37111.16 d17.14
MinimumVisualStudioVersion = 10.0.40219.1
Project("{FAE04EC0-301F-11D3-BF4B-00C04F79EFBC}") = "projeto_agenda", "projeto_agenda\projeto_agenda.csproj", "{4D0DDB93-8638-429B-A888-C43A7898B0DA}"
EndProject
Global
	GlobalSection(SolutionConfigurationPlatforms) = preSolution
		Debug|Any CPU = Debug|Any CPU
		Release|Any CPU = Release|Any CPU
	EndGlobalSection
	GlobalSection(ProjectConfigurationPlatforms) = postSolution
		{4D0DDB93-8638-429B-A888-C43A7898B0DA}.Debug|Any CPU.ActiveCfg = Debug|Any CPU
		{4D0DDB93-8638-429B-A888-C43A7898B0DA}.Debug|Any CPU.Build.0 = Debug|Any CPU
		{4D0DDB93-8638-429B-A888-C43A7898B0DA}.Release|Any CPU.ActiveCfg = Release|Any CPU
		{4D0DDB93-8638-429B-A888-C43A7898B0DA}.Release|Any CPU.Build.0 = Release|Any CPU
	EndGlobalSection
	GlobalSection(SolutionProperties) = preSolution
		HideSolutionNode = FALSE
	EndGlobalSection
	GlobalSection(ExtensibilityGlobals) = postSolution
		SolutionGuid = {CE285E2F-063F-4383-B7B6-B12A3859A67D}
	EndGlobalSection
EndGlobal
